
Microsoft Visual Studio Solution File, Format Version 12.00
# Visual Studio Version 16
VisualStudioVersion = 16.0.30204.135
MinimumVisualStudioVersion = 10.0.40219.1
Project("{9A19103F-16F7-4668-BE54-9A1E7A4F7556}") = "PingResult2Csv", "PingResult2Csv\PingResult2Csv.csproj", "{BE34448E-917C-40E7-8497-DBBCA453AC03}"
EndProject
Global
	GlobalSection(SolutionConfigurationPlatforms) = preSolution
		Debug|Any CPU = Debug|Any CPU
		Release|Any CPU = Release|Any CPU
	EndGlobalSection
	GlobalSection(ProjectConfigurationPlatforms) = postSolution
		{BE34448E-917C-40E7-8497-DBBCA453AC03}.Debug|Any CPU.ActiveCfg = Debug|Any CPU
		{BE34448E-917C-40E7-8497-DBBCA453AC03}.Debug|Any CPU.Build.0 = Debug|Any CPU
		{BE34448E-917C-40E7-8497-DBBCA453AC03}.Release|Any CPU.ActiveCfg = Release|Any CPU
		{BE34448E-917C-40E7-8497-DBBCA453AC03}.Release|Any CPU.Build.0 = Release|Any CPU
	EndGlobalSection
	GlobalSection(SolutionProperties) = preSolution
		HideSolutionNode = FALSE
	EndGlobalSection
	GlobalSection(ExtensibilityGlobals) = postSolution
		SolutionGuid = {91CCE2FE-4B06-4F5D-B987-EDD04ABCF127}
	EndGlobalSection
EndGlobal
